uuid: b76ad24c-2797-46b1-b2ea-24e6222a1d45
langcode: ja
status: true
dependencies:
  config:
    - field.storage.node.field_block
    - node.type.news
    - paragraphs.paragraphs_type.heading
    - paragraphs.paragraphs_type.text_list
  module:
    - entity_reference_revisions
id: node.news.field_block
field_name: field_block
entity_type: node
bundle: news
label: ブロック
description: ''
required: false
translatable: false
default_value: {  }
default_value_callback: ''
settings:
  handler: 'default:paragraph'
  handler_settings:
    target_bundles:
      text_list: text_list
      heading: heading
    negate: 0
    target_bundles_drag_drop:
      heading:
        weight: 4
        enabled: true
      text_list:
        weight: 3
        enabled: true
      text_list_item:
        weight: 4
        enabled: false
field_type: entity_reference_revisions
