uuid: 802ff5d8-65dc-48fc-a567-70e8c6f379bf
langcode: ja
status: true
dependencies:
  module:
    - entity_reference_revisions
    - paragraphs
id: paragraph.field_block
field_name: field_block
entity_type: paragraph
type: entity_reference_revisions
settings:
  target_type: paragraph
module: entity_reference_revisions
locked: false
cardinality: -1
translatable: true
indexes: {  }
persist_with_no_fields: false
custom_storage: false
